// !$*UTF8*$!
{
	archiveVersion = 1;
	classes = {
	};
	objectVersion = 50;
	objects = {

/* Begin PBXBuildFile section */
		65A3171822A81A8300B71A27 /* AppDelegate.swift in Sources */ = {isa = PBXBuildFile; fileRef = 65A3171722A81A8300B71A27 /* AppDelegate.swift */; };
		65A3171A22A81A8300B71A27 /* ViewController.swift in Sources */ = {isa = PBXBuildFile; fileRef = 65A3171922A81A8300B71A27 /* ViewController.swift */; };
		65A3171D22A81A8300B71A27 /* Main.storyboard in Resources */ = {isa = PBXBuildFile; fileRef = 65A3171B22A81A8300B71A27 /* Main.storyboard */; };
		65A3171F22A81A8500B71A27 /* Assets.xcassets in Resources */ = {isa = PBXBuildFile; fileRef = 65A3171E22A81A8500B71A27 /* Assets.xcassets */; };
		65A3172222A81A8500B71A27 /* LaunchScreen.storyboard in Resources */ = {isa = PBXBuildFile; fileRef = 65A3172022A81A8500B71A27 /* LaunchScreen.storyboard */; };
		65A3172D22A81A8500B71A27 /* PrograDiccionarioTests.swift in Sources */ = {isa = PBXBuildFile; fileRef = 65A3172C22A81A8500B71A27 /* PrograDiccionarioTests.swift */; };
		65A3173822A81A8600B71A27 /* PrograDiccionarioUITests.swift in Sources */ = {isa = PBXBuildFile; fileRef = 65A3173722A81A8600B71A27 /* PrograDiccionarioUITests.swift */; };
/* End PBXBuildFile section */

/* Begin PBXContainerItemProxy section */
		65A3172922A81A8500B71A27 /* PBXContainerItemProxy */ = {
			isa = PBXContainerItemProxy;
			containerPortal = 65A3170C22A81A8200B71A27 /* Project object */;
			proxyType = 1;
			remoteGlobalIDString = 65A3171322A81A8200B71A27;
			remoteInfo = PrograDiccionario;
		};
		65A3173422A81A8600B71A27 /* PBXContainerItemProxy */ = {
			isa = PBXContainerItemProxy;
			containerPortal = 65A3170C22A81A8200B71A27 /* Project object */;
			proxyType = 1;
			remoteGlobalIDString = 65A3171322A81A8200B71A27;
			remoteInfo = PrograDiccionario;
		};
/* End PBXContainerItemProxy section */

/* Begin PBXFileReference section */
		65A3171422A81A8300B71A27 /* PrograDiccionario.app */ = {isa = PBXFileReference; explicitFileType = wrapper.application; includeInIndex = 0; path = PrograDiccionario.app; sourceTree = BUILT_PRODUCTS_DIR; };
		65A3171722A81A8300B71A27 /* AppDelegate.swift */ = {isa = PBXFileReference; lastKnownFileType = sourcecode.swift; path = AppDelegate.swift; sourceTree = "<group>"; };
		65A3171922A81A8300B71A27 /* ViewController.swift */ = {isa = PBXFileReference; lastKnownFileType = sourcecode.swift; path = ViewController.swift; sourceTree = "<group>"; };
		65A3171C22A81A8300B71A27 /* Base */ = {isa = PBXFileReference; lastKnownFileType = file.storyboard; name = Base; path = Base.lproj/Main.storyboard; sourceTree = "<group>"; };
		65A3171E22A81A8500B71A27 /* Assets.xcassets */ = {isa = PBXFileReference; lastKnownFileType = folder.assetcatalog; path = Assets.xcassets; sourceTree = "<group>"; };
		65A3172122A81A8500B71A27 /* Base */ = {isa = PBXFileReference; lastKnownFileType = file.storyboard; name = Base; path = Base.lproj/LaunchScreen.storyboard; sourceTree = "<group>"; };
		65A3172322A81A8500B71A27 /* Info.plist */ = {isa = PBXFileReference; lastKnownFileType = text.plist.xml; path = Info.plist; sourceTree = "<group>"; };
		65A3172822A81A8500B71A27 /* PrograDiccionarioTests.xctest */ = {isa = PBXFileReference; explicitFileType = wrapper.cfbundle; includeInIndex = 0; path = PrograDiccionarioTests.xctest; sourceTree = BUILT_PRODUCTS_DIR; };
		65A3172C22A81A8500B71A27 /* PrograDiccionarioTests.swift */ = {isa = PBXFileReference; lastKnownFileType = sourcecode.swift; path = PrograDiccionarioTests.swift; sourceTree = "<group>"; };
		65A3172E22A81A8500B71A27 /* Info.plist */ = {isa = PBXFileReference; lastKnownFileType = text.plist.xml; path = Info.plist; sourceTree = "<group>"; };
		65A3173322A81A8600B71A27 /* PrograDiccionarioUITests.xctest */ = {isa = PBXFileReference; explicitFileType = wrapper.cfbundle; includeInIndex = 0; path = PrograDiccionarioUITests.xctest; sourceTree = BUILT_PRODUCTS_DIR; };
		65A3173722A81A8600B71A27 /* PrograDiccionarioUITests.swift */ = {isa = PBXFileReference; lastKnownFileType = sourcecode.swift; path = PrograDiccionarioUITests.swift; sourceTree = "<group>"; };
		65A3173922A81A8600B71A27 /* Info.plist */ = {isa = PBXFileReference; lastKnownFileType = text.plist.xml; path = Info.plist; sourceTree = "<group>"; };
/* End PBXFileReference section */

/* Begin PBXFrameworksBuildPhase section */
		65A3171122A81A8200B71A27 /* Frameworks */ = {
			isa = PBXFrameworksBuildPhase;
			buildActionMask = 2147483647;
			files = (
			);
			runOnlyForDeploymentPostprocessing = 0;
		};
		65A3172522A81A8500B71A27 /* Frameworks */ = {
			isa = PBXFrameworksBuildPhase;
			buildActionMask = 2147483647;
			files = (
			);
			runOnlyForDeploymentPostprocessing = 0;
		};
		65A3173022A81A8600B71A27 /* Frameworks */ = {
			isa = PBXFrameworksBuildPhase;
			buildActionMask = 2147483647;
			files = (
			);
			runOnlyForDeploymentPostprocessing = 0;
		};
/* End PBXFrameworksBuildPhase section */

/* Begin PBXGroup section */
		65A3170B22A81A8200B71A27 = {
			isa = PBXGroup;
			children = (
				65A3171622A81A8300B71A27 /* PrograDiccionario */,
				65A3172B22A81A8500B71A27 /* PrograDiccionarioTests */,
				65A3173622A81A8600B71A27 /* PrograDiccionarioUITests */,
				65A3171522A81A8300B71A27 /* Products */,
			);
			sourceTree = "<group>";
		};
		65A3171522A81A8300B71A27 /* Products */ = {
			isa = PBXGroup;
			children = (
				65A3171422A81A8300B71A27 /* PrograDiccionario.app */,
				65A3172822A81A8500B71A27 /* PrograDiccionarioTests.xctest */,
				65A3173322A81A8600B71A27 /* PrograDiccionarioUITests.xctest */,
			);
			name = Products;
			sourceTree = "<group>";
		};
		65A3171622A81A8300B71A27 /* PrograDiccionario */ = {
			isa = PBXGroup;
			children = (
				65A3171722A81A8300B71A27 /* AppDelegate.swift */,
				65A3171922A81A8300B71A27 /* ViewController.swift */,
				65A3171B22A81A8300B71A27 /* Main.storyboard */,
				65A3171E22A81A8500B71A27 /* Assets.xcassets */,
				65A3172022A81A8500B71A27 /* LaunchScreen.storyboard */,
				65A3172322A81A8500B71A27 /* Info.plist */,
			);
			path = PrograDiccionario;
			sourceTree = "<group>";
		};
		65A3172B22A81A8500B71A27 /* PrograDiccionarioTests */ = {
			isa = PBXGroup;
			children = (
				65A3172C22A81A8500B71A27 /* PrograDiccionarioTests.swift */,
				65A3172E22A81A8500B71A27 /* Info.plist */,
			);
			path = PrograDiccionarioTests;
			sourceTree = "<group>";
		};
		65A3173622A81A8600B71A27 /* PrograDiccionarioUITests */ = {
			isa = PBXGroup;
			children = (
				65A3173722A81A8600B71A27 /* PrograDiccionarioUITests.swift */,
				65A3173922A81A8600B71A27 /* Info.plist */,
			);
			path = PrograDiccionarioUITests;
			sourceTree = "<group>";
		};
/* End PBXGroup section */

/* Begin PBXNativeTarget section */
		65A3171322A81A8200B71A27 /* PrograDiccionario */ = {
			isa = PBXNativeTarget;
			buildConfigurationList = 65A3173C22A81A8600B71A27 /* Build configuration list for PBXNativeTarget "PrograDiccionario" */;
			buildPhases = (
				65A3171022A81A8200B71A27 /* Sources */,
				65A3171122A81A8200B71A27 /* Frameworks */,
				65A3171222A81A8200B71A27 /* Resources */,
			);
			buildRules = (
			);
			dependencies = (
			);
			name = PrograDiccionario;
			productName = PrograDiccionario;
			productReference = 65A3171422A81A8300B71A27 /* PrograDiccionario.app */;
			productType = "com.apple.product-type.application";
		};
		65A3172722A81A8500B71A27 /* PrograDiccionarioTests */ = {
			isa = PBXNativeTarget;
			buildConfigurationList = 65A3173F22A81A8600B71A27 /* Build configuration list for PBXNativeTarget "PrograDiccionarioTests" */;
			buildPhases = (
				65A3172422A81A8500B71A27 /* Sources */,
				65A3172522A81A8500B71A27 /* Frameworks */,
				65A3172622A81A8500B71A27 /* Resources */,
			);
			buildRules = (
			);
			dependencies = (
				65A3172A22A81A8500B71A27 /* PBXTargetDependency */,
			);
			name = PrograDiccionarioTests;
			productName = PrograDiccionarioTests;
			productReference = 65A3172822A81A8500B71A27 /* PrograDiccionarioTests.xctest */;
			productType = "com.apple.product-type.bundle.unit-test";
		};
		65A3173222A81A8600B71A27 /* PrograDiccionarioUITests */ = {
			isa = PBXNativeTarget;
			buildConfigurationList = 65A3174222A81A8600B71A27 /* Build configuration list for PBXNativeTarget "PrograDiccionarioUITests" */;
			buildPhases = (
				65A3172F22A81A8600B71A27 /* Sources */,
				65A3173022A81A8600B71A27 /* Frameworks */,
				65A3173122A81A8600B71A27 /* Resources */,
			);
			buildRules = (
			);
			dependencies = (
				65A3173522A81A8600B71A27 /* PBXTargetDependency */,
			);
			name = PrograDiccionarioUITests;
			productName = PrograDiccionarioUITests;
			productReference = 65A3173322A81A8600B71A27 /* PrograDiccionarioUITests.xctest */;
			productType = "com.apple.product-type.bundle.ui-testing";
		};
/* End PBXNativeTarget section */

/* Begin PBXProject section */
		65A3170C22A81A8200B71A27 /* Project object */ = {
			isa = PBXProject;
			attributes = {
				LastSwiftUpdateCheck = 1010;
				LastUpgradeCheck = 1010;
				ORGANIZATIONNAME = Daniel;
				TargetAttributes = {
					65A3171322A81A8200B71A27 = {
						CreatedOnToolsVersion = 10.1;
					};
					65A3172722A81A8500B71A27 = {
						CreatedOnToolsVersion = 10.1;
						TestTargetID = 65A3171322A81A8200B71A27;
					};
					65A3173222A81A8600B71A27 = {
						CreatedOnToolsVersion = 10.1;
						TestTargetID = 65A3171322A81A8200B71A27;
					};
				};
			};
			buildConfigurationList = 65A3170F22A81A8200B71A27 /* Build configuration list for PBXProject "PrograDiccionario" */;
			compatibilityVersion = "Xcode 9.3";
			developmentRegion = en;
			hasScannedForEncodings = 0;
			knownRegions = (
				en,
				Base,
			);
			mainGroup = 65A3170B22A81A8200B71A27;
			productRefGroup = 65A3171522A81A8300B71A27 /* Products */;
			projectDirPath = "";
			projectRoot = "";
			targets = (
				65A3171322A81A8200B71A27 /* PrograDiccionario */,
				65A3172722A81A8500B71A27 /* PrograDiccionarioTests */,
				65A3173222A81A8600B71A27 /* PrograDiccionarioUITests */,
			);
		};
/* End PBXProject section */

/* Begin PBXResourcesBuildPhase section */
		65A3171222A81A8200B71A27 /* Resources */ = {
			isa = PBXResourcesBuildPhase;
			buildActionMask = 2147483647;
			files = (
				65A3172222A81A8500B71A27 /* LaunchScreen.storyboard in Resources */,
				65A3171F22A81A8500B71A27 /* Assets.xcassets in Resources */,
				65A3171D22A81A8300B71A27 /* Main.storyboard in Resources */,
			);
			runOnlyForDeploymentPostprocessing = 0;
		};
		65A3172622A81A8500B71A27 /* Resources */ = {
			isa = PBXResourcesBuildPhase;
			buildActionMask = 2147483647;
			files = (
			);
			runOnlyForDeploymentPostprocessing = 0;
		};
		65A3173122A81A8600B71A27 /* Resources */ = {
			isa = PBXResourcesBuildPhase;
			buildActionMask = 2147483647;
			files = (
			);
			runOnlyForDeploymentPostprocessing = 0;
		};
/* End PBXResourcesBuildPhase section */

/* Begin PBXSourcesBuildPhase section */
		65A3171022A81A8200B71A27 /* Sources */ = {
			isa = PBXSourcesBuildPhase;
			buildActionMask = 2147483647;
			files = (
				65A3171A22A81A8300B71A27 /* ViewController.swift in Sources */,
				65A3171822A81A8300B71A27 /* AppDelegate.swift in Sources */,
			);
			runOnlyForDeploymentPostprocessing = 0;
		};
		65A3172422A81A8500B71A27 /* Sources */ = {
			isa = PBXSourcesBuildPhase;
			buildActionMask = 2147483647;
			files = (
				65A3172D22A81A8500B71A27 /* PrograDiccionarioTests.swift in Sources */,
			);
			runOnlyForDeploymentPostprocessing = 0;
		};
		65A3172F22A81A8600B71A27 /* Sources */ = {
			isa = PBXSourcesBuildPhase;
			buildActionMask = 2147483647;
			files = (
				65A3173822A81A8600B71A27 /* PrograDiccionarioUITests.swift in Sources */,
			);
			runOnlyForDeploymentPostprocessing = 0;
		};
/* End PBXSourcesBuildPhase section */

/* Begin PBXTargetDependency section */
		65A3172A22A81A8500B71A27 /* PBXTargetDependency */ = {
			isa = PBXTargetDependency;
			target = 65A3171322A81A8200B71A27 /* PrograDiccionario */;
			targetProxy = 65A3172922A81A8500B71A27 /* PBXContainerItemProxy */;
		};
		65A3173522A81A8600B71A27 /* PBXTargetDependency */ = {
			isa = PBXTargetDependency;
			target = 65A3171322A81A8200B71A27 /* PrograDiccionario */;
			targetProxy = 65A3173422A81A8600B71A27 /* PBXContainerItemProxy */;
		};
/* End PBXTargetDependency section */

/* Begin PBXVariantGroup section */
		65A3171B22A81A8300B71A27 /* Main.storyboard */ = {
			isa = PBXVariantGroup;
			children = (
				65A3171C22A81A8300B71A27 /* Base */,
			);
			name = Main.storyboard;
			sourceTree = "<group>";
		};
		65A3172022A81A8500B71A27 /* LaunchScreen.storyboard */ = {
			isa = PBXVariantGroup;
			children = (
				65A3172122A81A8500B71A27 /* Base */,
			);
			name = LaunchScreen.storyboard;
			sourceTree = "<group>";
		};
/* End PBXVariantGroup section */

/* Begin XCBuildConfiguration section */
		65A3173A22A81A8600B71A27 /* Debug */ = {
			isa = XCBuildConfiguration;
			buildSettings = {
				ALWAYS_SEARCH_USER_PATHS = NO;
				CLANG_ANALYZER_NONNULL = YES;
				CLANG_ANALYZER_NUMBER_OBJECT_CONVERSION = YES_AGGRESSIVE;
				CLANG_CXX_LANGUAGE_STANDARD = "gnu++14";
				CLANG_CXX_LIBRARY = "libc++";
				CLANG_ENABLE_MODULES = YES;
				CLANG_ENABLE_OBJC_ARC = YES;
				CLANG_ENABLE_OBJC_WEAK = YES;
				CLANG_WARN_BLOCK_CAPTURE_AUTORELEASING = YES;
				CLANG_WARN_BOOL_CONVERSION = YES;
				CLANG_WARN_COMMA = YES;
				CLANG_WARN_CONSTANT_CONVERSION = YES;
				CLANG_WARN_DEPRECATED_OBJC_IMPLEMENTATIONS = YES;
				CLANG_WARN_DIRECT_OBJC_ISA_USAGE = YES_ERROR;
				CLANG_WARN_DOCUMENTATION_COMMENTS = YES;
				CLANG_WARN_EMPTY_BODY = YES;
				CLANG_WARN_ENUM_CONVERSION = YES;
				CLANG_WARN_INFINITE_RECURSION = YES;
				CLANG_WARN_INT_CONVERSION = YES;
				CLANG_WARN_NON_LITERAL_NULL_CONVERSION = YES;
				CLANG_WARN_OBJC_IMPLICIT_RETAIN_SELF = YES;
				CLANG_WARN_OBJC_LITERAL_CONVERSION = YES;
				CLANG_WARN_OBJC_ROOT_CLASS = YES_ERROR;
				CLANG_WARN_RANGE_LOOP_ANALYSIS = YES;
				CLANG_WARN_STRICT_PROTOTYPES = YES;
				CLANG_WARN_SUSPICIOUS_MOVE = YES;
				CLANG_WARN_UNGUARDED_AVAILABILITY = YES_AGGRESSIVE;
				CLANG_WARN_UNREACHABLE_CODE = YES;
				CLANG_WARN__DUPLICATE_METHOD_MATCH = YES;
				CODE_SIGN_IDENTITY = "iPhone Developer";
				COPY_PHASE_STRIP = NO;
				DEBUG_INFORMATION_FORMAT = dwarf;
				ENABLE_STRICT_OBJC_MSGSEND = YES;
				ENABLE_TESTABILITY = YES;
				GCC_C_LANGUAGE_STANDARD = gnu11;
				GCC_DYNAMIC_NO_PIC = NO;
				GCC_NO_COMMON_BLOCKS = YES;
				GCC_OPTIMIZATION_LEVEL = 0;
				GCC_PREPROCESSOR_DEFINITIONS = (
					"DEBUG=1",
					"$(inherited)",
				);
				GCC_WARN_64_TO_32_BIT_CONVERSION = YES;
				GCC_WARN_ABOUT_RETURN_TYPE = YES_ERROR;
				GCC_WARN_UNDECLARED_SELECTOR = YES;
				GCC_WARN_UNINITIALIZED_AUTOS = YES_AGGRESSIVE;
				GCC_WARN_UNUSED_FUNCTION = YES;
				GCC_WARN_UNUSED_VARIABLE = YES;
				IPHONEOS_DEPLOYMENT_TARGET = 12.1;
				MTL_ENABLE_DEBUG_INFO = INCLUDE_SOURCE;
				MTL_FAST_MATH = YES;
				ONLY_ACTIVE_ARCH = YES;
				SDKROOT = iphoneos;
				SWIFT_ACTIVE_COMPILATION_CONDITIONS = DEBUG;
				SWIFT_OPTIMIZATION_LEVEL = "-Onone";
			};
			name = Debug;
		};
		65A3173B22A81A8600B71A27 /* Release */ = {
			isa = XCBuildConfiguration;
			buildSettings = {
				ALWAYS_SEARCH_USER_PATHS = NO;
				CLANG_ANALYZER_NONNULL = YES;
				CLANG_ANALYZER_NUMBER_OBJECT_CONVERSION = YES_AGGRESSIVE;
				CLANG_CXX_LANGUAGE_STANDARD = "gnu++14";
				CLANG_CXX_LIBRARY = "libc++";
				CLANG_ENABLE_MODULES = YES;
				CLANG_ENABLE_OBJC_ARC = YES;
				CLANG_ENABLE_OBJC_WEAK = YES;
				CLANG_WARN_BLOCK_CAPTURE_AUTORELEASING = YES;
				CLANG_WARN_BOOL_CONVERSION = YES;
				CLANG_WARN_COMMA = YES;
				CLANG_WARN_CONSTANT_CONVERSION = YES;
				CLANG_WARN_DEPRECATED_OBJC_IMPLEMENTATIONS = YES;
				CLANG_WARN_DIRECT_OBJC_ISA_USAGE = YES_ERROR;
				CLANG_WARN_DOCUMENTATION_COMMENTS = YES;
				CLANG_WARN_EMPTY_BODY = YES;
				CLANG_WARN_ENUM_CONVERSION = YES;
				CLANG_WARN_INFINITE_RECURSION = YES;
				CLANG_WARN_INT_CONVERSION = YES;
				CLANG_WARN_NON_LITERAL_NULL_CONVERSION = YES;
				CLANG_WARN_OBJC_IMPLICIT_RETAIN_SELF = YES;
				CLANG_WARN_OBJC_LITERAL_CONVERSION = YES;
				CLANG_WARN_OBJC_ROOT_CLASS = YES_ERROR;
				CLANG_WARN_RANGE_LOOP_ANALYSIS = YES;
				CLANG_WARN_STRICT_PROTOTYPES = YES;
				CLANG_WARN_SUSPICIOUS_MOVE = YES;
				CLANG_WARN_UNGUARDED_AVAILABILITY = YES_AGGRESSIVE;
				CLANG_WARN_UNREACHABLE_CODE = YES;
				CLANG_WARN__DUPLICATE_METHOD_MATCH = YES;
				CODE_SIGN_IDENTITY = "iPhone Developer";
				COPY_PHASE_STRIP = NO;
				DEBUG_INFORMATION_FORMAT = "dwarf-with-dsym";
				ENABLE_NS_ASSERTIONS = NO;
				ENABLE_STRICT_OBJC_MSGSEND = YES;
				GCC_C_LANGUAGE_STANDARD = gnu11;
				GCC_NO_COMMON_BLOCKS = YES;
				GCC_WARN_64_TO_32_BIT_CONVERSION = YES;
				GCC_WARN_ABOUT_RETURN_TYPE = YES_ERROR;
				GCC_WARN_UNDECLARED_SELECTOR = YES;
				GCC_WARN_UNINITIALIZED_AUTOS = YES_AGGRESSIVE;
				GCC_WARN_UNUSED_FUNCTION = YES;
				GCC_WARN_UNUSED_VARIABLE = YES;
				IPHONEOS_DEPLOYMENT_TARGET = 12.1;
				MTL_ENABLE_DEBUG_INFO = NO;
				MTL_FAST_MATH = YES;
				SDKROOT = iphoneos;
				SWIFT_COMPILATION_MODE = wholemodule;
				SWIFT_OPTIMIZATION_LEVEL = "-O";
				VALIDATE_PRODUCT = YES;
			};
			name = Release;
		};
		65A3173D22A81A8600B71A27 /* Debug */ = {
			isa = XCBuildConfiguration;
			buildSettings = {
				ASSETCATALOG_COMPILER_APPICON_NAME = AppIcon;
				CODE_SIGN_STYLE = Automatic;
				INFOPLIST_FILE = PrograDiccionario/Info.plist;
				LD_RUNPATH_SEARCH_PATHS = (
					"$(inherited)",
					"@executable_path/Frameworks",
				);
				PRODUCT_BUNDLE_IDENTIFIER = org.byfalcon.PrograDiccionario;
				PRODUCT_NAME = "$(TARGET_NAME)";
				SWIFT_VERSION = 4.2;
				TARGETED_DEVICE_FAMILY = "1,2";
			};
			name = Debug;
		};
		65A3173E22A81A8600B71A27 /* Release */ = {
			isa = XCBuildConfiguration;
			buildSettings = {
				ASSETCATALOG_COMPILER_APPICON_NAME = AppIcon;
				CODE_SIGN_STYLE = Automatic;
				INFOPLIST_FILE = PrograDiccionario/Info.plist;
				LD_RUNPATH_SEARCH_PATHS = (
					"$(inherited)",
					"@executable_path/Frameworks",
				);
				PRODUCT_BUNDLE_IDENTIFIER = org.byfalcon.PrograDiccionario;
				PRODUCT_NAME = "$(TARGET_NAME)";
				SWIFT_VERSION = 4.2;
				TARGETED_DEVICE_FAMILY = "1,2";
			};
			name = Release;
		};
		65A3174022A81A8600B71A27 /* Debug */ = {
			isa = XCBuildConfiguration;
			buildSettings = {
				ALWAYS_EMBED_SWIFT_STANDARD_LIBRARIES = YES;
				BUNDLE_LOADER = "$(TEST_HOST)";
				CODE_SIGN_STYLE = Automatic;
				INFOPLIST_FILE = PrograDiccionarioTests/Info.plist;
				LD_RUNPATH_SEARCH_PATHS = (
					"$(inherited)",
					"@executable_path/Frameworks",
					"@loader_path/Frameworks",
				);
				PRODUCT_BUNDLE_IDENTIFIER = org.byfalcon.PrograDiccionarioTests;
				PRODUCT_NAME = "$(TARGET_NAME)";
				SWIFT_VERSION = 4.2;
				TARGETED_DEVICE_FAMILY = "1,2";
				TEST_HOST = "$(BUILT_PRODUCTS_DIR)/PrograDiccionario.app/PrograDiccionario";
			};
			name = Debug;
		};
		65A3174122A81A8600B71A27 /* Release */ = {
			isa = XCBuildConfiguration;
			buildSettings = {
				ALWAYS_EMBED_SWIFT_STANDARD_LIBRARIES = YES;
				BUNDLE_LOADER = "$(TEST_HOST)";
				CODE_SIGN_STYLE = Automatic;
				INFOPLIST_FILE = PrograDiccionarioTests/Info.plist;
				LD_RUNPATH_SEARCH_PATHS = (
					"$(inherited)",
					"@executable_path/Frameworks",
					"@loader_path/Frameworks",
				);
				PRODUCT_BUNDLE_IDENTIFIER = org.byfalcon.PrograDiccionarioTests;
				PRODUCT_NAME = "$(TARGET_NAME)";
				SWIFT_VERSION = 4.2;
				TARGETED_DEVICE_FAMILY = "1,2";
				TEST_HOST = "$(BUILT_PRODUCTS_DIR)/PrograDiccionario.app/PrograDiccionario";
			};
			name = Release;
		};
		65A3174322A81A8600B71A27 /* Debug */ = {
			isa = XCBuildConfiguration;
			buildSettings = {
				ALWAYS_EMBED_SWIFT_STANDARD_LIBRARIES = YES;
				CODE_SIGN_STYLE = Automatic;
				INFOPLIST_FILE = PrograDiccionarioUITests/Info.plist;
				LD_RUNPATH_SEARCH_PATHS = (
					"$(inherited)",
					"@executable_path/Frameworks",
					"@loader_path/Frameworks",
				);
				PRODUCT_BUNDLE_IDENTIFIER = org.byfalcon.PrograDiccionarioUITests;
				PRODUCT_NAME = "$(TARGET_NAME)";
				SWIFT_VERSION = 4.2;
				TARGETED_DEVICE_FAMILY = "1,2";
				TEST_TARGET_NAME = PrograDiccionario;
			};
			name = Debug;
		};
		65A3174422A81A8600B71A27 /* Release */ = {
			isa = XCBuildConfiguration;
			buildSettings = {
				ALWAYS_EMBED_SWIFT_STANDARD_LIBRARIES = YES;
				CODE_SIGN_STYLE = Automatic;
				INFOPLIST_FILE = PrograDiccionarioUITests/Info.plist;
				LD_RUNPATH_SEARCH_PATHS = (
					"$(inherited)",
					"@executable_path/Frameworks",
					"@loader_path/Frameworks",
				);
				PRODUCT_BUNDLE_IDENTIFIER = org.byfalcon.PrograDiccionarioUITests;
				PRODUCT_NAME = "$(TARGET_NAME)";
				SWIFT_VERSION = 4.2;
				TARGETED_DEVICE_FAMILY = "1,2";
				TEST_TARGET_NAME = PrograDiccionario;
			};
			name = Release;
		};
/* End XCBuildConfiguration section */

/* Begin XCConfigurationList section */
		65A3170F22A81A8200B71A27 /* Build configuration list for PBXProject "PrograDiccionario" */ = {
			isa = XCConfigurationList;
			buildConfigurations = (
				65A3173A22A81A8600B71A27 /* Debug */,
				65A3173B22A81A8600B71A27 /* Release */,
			);
			defaultConfigurationIsVisible = 0;
			defaultConfigurationName = Release;
		};
		65A3173C22A81A8600B71A27 /* Build configuration list for PBXNativeTarget "PrograDiccionario" */ = {
			isa = XCConfigurationList;
			buildConfigurations = (
				65A3173D22A81A8600B71A27 /* Debug */,
				65A3173E22A81A8600B71A27 /* Release */,
			);
			defaultConfigurationIsVisible = 0;
			defaultConfigurationName = Release;
		};
		65A3173F22A81A8600B71A27 /* Build configuration list for PBXNativeTarget "PrograDiccionarioTests" */ = {
			isa = XCConfigurationList;
			buildConfigurations = (
				65A3174022A81A8600B71A27 /* Debug */,
				65A3174122A81A8600B71A27 /* Release */,
			);
			defaultConfigurationIsVisible = 0;
			defaultConfigurationName = Release;
		};
		65A3174222A81A8600B71A27 /* Build configuration list for PBXNativeTarget "PrograDiccionarioUITests" */ = {
			isa = XCConfigurationList;
			buildConfigurations = (
				65A3174322A81A8600B71A27 /* Debug */,
				65A3174422A81A8600B71A27 /* Release */,
			);
			defaultConfigurationIsVisible = 0;
			defaultConfigurationName = Release;
		};
/* End XCConfigurationList section */
	};
	rootObject = 65A3170C22A81A8200B71A27 /* Project object */;
}
